
Microsoft Visual Studio Solution File, Format Version 12.00
# Visual Studio Version 17
VisualStudioVersion = 17.3.32819.101
MinimumVisualStudioVersion = 10.0.40219.1
Project("{FAE04EC0-301F-11D3-BF4B-00C04F79EFBC}") = "Accounts", "Accounts\Accounts.csproj", "{865B10AD-3C3F-4283-93AF-9C0636867B43}"
EndProject
Global
	GlobalSection(SolutionConfigurationPlatforms) = preSolution
		Debug|Any CPU = Debug|Any CPU
		Release|Any CPU = Release|Any CPU
	EndGlobalSection
	GlobalSection(ProjectConfigurationPlatforms) = postSolution
		{865B10AD-3C3F-4283-93AF-9C0636867B43}.Debug|Any CPU.ActiveCfg = Debug|Any CPU
		{865B10AD-3C3F-4283-93AF-9C0636867B43}.Debug|Any CPU.Build.0 = Debug|Any CPU
		{865B10AD-3C3F-4283-93AF-9C0636867B43}.Release|Any CPU.ActiveCfg = Release|Any CPU
		{865B10AD-3C3F-4283-93AF-9C0636867B43}.Release|Any CPU.Build.0 = Release|Any CPU
	EndGlobalSection
	GlobalSection(SolutionProperties) = preSolution
		HideSolutionNode = FALSE
	EndGlobalSection
	GlobalSection(ExtensibilityGlobals) = postSolution
		SolutionGuid = {8E46494A-59C0-4D9C-AA33-C96B7CBE2D5B}
	EndGlobalSection
EndGlobal
